// !$*UTF8*$!
{
	archiveVersion = 1;
	classes = {
	};
	objectVersion = 50;
	objects = {

/* Begin PBXBuildFile section */
		335311D425D16B8D007196AB /* LoginView.swift in Sources */ = {isa = PBXBuildFile; fileRef = 335311D325D16B8D007196AB /* LoginView.swift */; };
		335311D925D16BE4007196AB /* colors.swift in Sources */ = {isa = PBXBuildFile; fileRef = 335311D825D16BE4007196AB /* colors.swift */; };
		335311E225D16C17007196AB /* sizings.swift in Sources */ = {isa = PBXBuildFile; fileRef = 335311E125D16C17007196AB /* sizings.swift */; };
		335311E725D16C84007196AB /* ProfileView.swift in Sources */ = {isa = PBXBuildFile; fileRef = 335311E625D16C84007196AB /* ProfileView.swift */; };
		335311EC25D16CA5007196AB /* AppView.swift in Sources */ = {isa = PBXBuildFile; fileRef = 335311EB25D16CA5007196AB /* AppView.swift */; };
		335311F225D16CF0007196AB /* userSettings.swift in Sources */ = {isa = PBXBuildFile; fileRef = 335311F125D16CF0007196AB /* userSettings.swift */; };
		335311FB25D16D1A007196AB /* userUsecases.swift in Sources */ = {isa = PBXBuildFile; fileRef = 335311FA25D16D1A007196AB /* userUsecases.swift */; };
		3353120425D16D58007196AB /* userRepository.swift in Sources */ = {isa = PBXBuildFile; fileRef = 3353120325D16D58007196AB /* userRepository.swift */; };
		3353120A25D16D96007196AB /* api.swift in Sources */ = {isa = PBXBuildFile; fileRef = 3353120925D16D96007196AB /* api.swift */; };
		3353121325D16E50007196AB /* loader.swift in Sources */ = {isa = PBXBuildFile; fileRef = 3353121225D16E50007196AB /* loader.swift */; };
		3372913025D65DC30060F6CD /* postModel.swift in Sources */ = {isa = PBXBuildFile; fileRef = 3372912F25D65DC30060F6CD /* postModel.swift */; };
		3372913825D65E510060F6CD /* postRepository.swift in Sources */ = {isa = PBXBuildFile; fileRef = 3372913725D65E510060F6CD /* postRepository.swift */; };
		3372913D25D65EEA0060F6CD /* postUsecases.swift in Sources */ = {isa = PBXBuildFile; fileRef = 3372913C25D65EEA0060F6CD /* postUsecases.swift */; };
		33E49D3C25D06D0F000B39D2 /* appApp.swift in Sources */ = {isa = PBXBuildFile; fileRef = 33E49D3B25D06D0F000B39D2 /* appApp.swift */; };
		33E49D3E25D06D0F000B39D2 /* ContentView.swift in Sources */ = {isa = PBXBuildFile; fileRef = 33E49D3D25D06D0F000B39D2 /* ContentView.swift */; };
		33E49D4025D06D13000B39D2 /* Assets.xcassets in Resources */ = {isa = PBXBuildFile; fileRef = 33E49D3F25D06D13000B39D2 /* Assets.xcassets */; };
		33E49D4325D06D13000B39D2 /* Preview Assets.xcassets in Resources */ = {isa = PBXBuildFile; fileRef = 33E49D4225D06D13000B39D2 /* Preview Assets.xcassets */; };
		33E49D4E25D06D14000B39D2 /* appTests.swift in Sources */ = {isa = PBXBuildFile; fileRef = 33E49D4D25D06D14000B39D2 /* appTests.swift */; };
		33E49D5925D06D14000B39D2 /* appUITests.swift in Sources */ = {isa = PBXBuildFile; fileRef = 33E49D5825D06D14000B39D2 /* appUITests.swift */; };
/* End PBXBuildFile section */

/* Begin PBXContainerItemProxy section */
		33E49D4A25D06D14000B39D2 /* PBXContainerItemProxy */ = {
			isa = PBXContainerItemProxy;
			containerPortal = 33E49D3025D06D0F000B39D2 /* Project object */;
			proxyType = 1;
			remoteGlobalIDString = 33E49D3725D06D0F000B39D2;
			remoteInfo = app;
		};
		33E49D5525D06D14000B39D2 /* PBXContainerItemProxy */ = {
			isa = PBXContainerItemProxy;
			containerPortal = 33E49D3025D06D0F000B39D2 /* Project object */;
			proxyType = 1;
			remoteGlobalIDString = 33E49D3725D06D0F000B39D2;
			remoteInfo = app;
		};
/* End PBXContainerItemProxy section */

/* Begin PBXFileReference section */
		335311D325D16B8D007196AB /* LoginView.swift */ = {isa = PBXFileReference; lastKnownFileType = sourcecode.swift; path = LoginView.swift; sourceTree = "<group>"; };
		335311D825D16BE4007196AB /* colors.swift */ = {isa = PBXFileReference; lastKnownFileType = sourcecode.swift; path = colors.swift; sourceTree = "<group>"; };
		335311E125D16C17007196AB /* sizings.swift */ = {isa = PBXFileReference; lastKnownFileType = sourcecode.swift; path = sizings.swift; sourceTree = "<group>"; };
		335311E625D16C84007196AB /* ProfileView.swift */ = {isa = PBXFileReference; lastKnownFileType = sourcecode.swift; path = ProfileView.swift; sourceTree = "<group>"; };
		335311EB25D16CA5007196AB /* AppView.swift */ = {isa = PBXFileReference; lastKnownFileType = sourcecode.swift; path = AppView.swift; sourceTree = "<group>"; };
		335311F125D16CF0007196AB /* userSettings.swift */ = {isa = PBXFileReference; lastKnownFileType = sourcecode.swift; path = userSettings.swift; sourceTree = "<group>"; };
		335311FA25D16D1A007196AB /* userUsecases.swift */ = {isa = PBXFileReference; lastKnownFileType = sourcecode.swift; path = userUsecases.swift; sourceTree = "<group>"; };
		3353120325D16D58007196AB /* userRepository.swift */ = {isa = PBXFileReference; lastKnownFileType = sourcecode.swift; path = userRepository.swift; sourceTree = "<group>"; };
		3353120925D16D96007196AB /* api.swift */ = {isa = PBXFileReference; lastKnownFileType = sourcecode.swift; path = api.swift; sourceTree = "<group>"; };
		3353121225D16E50007196AB /* loader.swift */ = {isa = PBXFileReference; lastKnownFileType = sourcecode.swift; path = loader.swift; sourceTree = "<group>"; };
		3372912F25D65DC30060F6CD /* postModel.swift */ = {isa = PBXFileReference; lastKnownFileType = sourcecode.swift; path = postModel.swift; sourceTree = "<group>"; };
		3372913725D65E510060F6CD /* postRepository.swift */ = {isa = PBXFileReference; lastKnownFileType = sourcecode.swift; path = postRepository.swift; sourceTree = "<group>"; };
		3372913C25D65EEA0060F6CD /* postUsecases.swift */ = {isa = PBXFileReference; lastKnownFileType = sourcecode.swift; path = postUsecases.swift; sourceTree = "<group>"; };
		33E49D3825D06D0F000B39D2 /* app.app */ = {isa = PBXFileReference; explicitFileType = wrapper.application; includeInIndex = 0; path = app.app; sourceTree = BUILT_PRODUCTS_DIR; };
		33E49D3B25D06D0F000B39D2 /* appApp.swift */ = {isa = PBXFileReference; lastKnownFileType = sourcecode.swift; path = appApp.swift; sourceTree = "<group>"; };
		33E49D3D25D06D0F000B39D2 /* ContentView.swift */ = {isa = PBXFileReference; lastKnownFileType = sourcecode.swift; path = ContentView.swift; sourceTree = "<group>"; };
		33E49D3F25D06D13000B39D2 /* Assets.xcassets */ = {isa = PBXFileReference; lastKnownFileType = folder.assetcatalog; path = Assets.xcassets; sourceTree = "<group>"; };
		33E49D4225D06D13000B39D2 /* Preview Assets.xcassets */ = {isa = PBXFileReference; lastKnownFileType = folder.assetcatalog; path = "Preview Assets.xcassets"; sourceTree = "<group>"; };
		33E49D4425D06D13000B39D2 /* Info.plist */ = {isa = PBXFileReference; lastKnownFileType = text.plist.xml; path = Info.plist; sourceTree = "<group>"; };
		33E49D4925D06D14000B39D2 /* appTests.xctest */ = {isa = PBXFileReference; explicitFileType = wrapper.cfbundle; includeInIndex = 0; path = appTests.xctest; sourceTree = BUILT_PRODUCTS_DIR; };
		33E49D4D25D06D14000B39D2 /* appTests.swift */ = {isa = PBXFileReference; lastKnownFileType = sourcecode.swift; path = appTests.swift; sourceTree = "<group>"; };
		33E49D4F25D06D14000B39D2 /* Info.plist */ = {isa = PBXFileReference; lastKnownFileType = text.plist.xml; path = Info.plist; sourceTree = "<group>"; };
		33E49D5425D06D14000B39D2 /* appUITests.xctest */ = {isa = PBXFileReference; explicitFileType = wrapper.cfbundle; includeInIndex = 0; path = appUITests.xctest; sourceTree = BUILT_PRODUCTS_DIR; };
		33E49D5825D06D14000B39D2 /* appUITests.swift */ = {isa = PBXFileReference; lastKnownFileType = sourcecode.swift; path = appUITests.swift; sourceTree = "<group>"; };
		33E49D5A25D06D14000B39D2 /* Info.plist */ = {isa = PBXFileReference; lastKnownFileType = text.plist.xml; path = Info.plist; sourceTree = "<group>"; };
/* End PBXFileReference section */

/* Begin PBXFrameworksBuildPhase section */
		33E49D3525D06D0F000B39D2 /* Frameworks */ = {
			isa = PBXFrameworksBuildPhase;
			buildActionMask = 2147483647;
			files = (
			);
			runOnlyForDeploymentPostprocessing = 0;
		};
		33E49D4625D06D14000B39D2 /* Frameworks */ = {
			isa = PBXFrameworksBuildPhase;
			buildActionMask = 2147483647;
			files = (
			);
			runOnlyForDeploymentPostprocessing = 0;
		};
		33E49D5125D06D14000B39D2 /* Frameworks */ = {
			isa = PBXFrameworksBuildPhase;
			buildActionMask = 2147483647;
			files = (
			);
			runOnlyForDeploymentPostprocessing = 0;
		};
/* End PBXFrameworksBuildPhase section */

/* Begin PBXGroup section */
		335311CF25D16B66007196AB /* views */ = {
			isa = PBXGroup;
			children = (
				33E49D3D25D06D0F000B39D2 /* ContentView.swift */,
				335311D325D16B8D007196AB /* LoginView.swift */,
				335311E625D16C84007196AB /* ProfileView.swift */,
				335311EB25D16CA5007196AB /* AppView.swift */,
			);
			path = views;
			sourceTree = "<group>";
		};
		335311DD25D16BFF007196AB /* constants */ = {
			isa = PBXGroup;
			children = (
				335311D825D16BE4007196AB /* colors.swift */,
				335311E125D16C17007196AB /* sizings.swift */,
			);
			path = constants;
			sourceTree = "<group>";
		};
		335311F025D16CE1007196AB /* userSettings */ = {
			isa = PBXGroup;
			children = (
				335311F125D16CF0007196AB /* userSettings.swift */,
			);
			path = userSettings;
			sourceTree = "<group>";
		};
		335311F925D16D08007196AB /* usecases */ = {
			isa = PBXGroup;
			children = (
				335311FA25D16D1A007196AB /* userUsecases.swift */,
				3372913C25D65EEA0060F6CD /* postUsecases.swift */,
			);
			path = usecases;
			sourceTree = "<group>";
		};
		3353120225D16D39007196AB /* repositories */ = {
			isa = PBXGroup;
			children = (
				3353120325D16D58007196AB /* userRepository.swift */,
				3372913725D65E510060F6CD /* postRepository.swift */,
			);
			path = repositories;
			sourceTree = "<group>";
		};
		3353120825D16D82007196AB /* services */ = {
			isa = PBXGroup;
			children = (
				3353120925D16D96007196AB /* api.swift */,
			);
			path = services;
			sourceTree = "<group>";
		};
		3353121125D16E3B007196AB /* components */ = {
			isa = PBXGroup;
			children = (
				3353121225D16E50007196AB /* loader.swift */,
			);
			path = components;
			sourceTree = "<group>";
		};
		3372912E25D65D9E0060F6CD /* models */ = {
			isa = PBXGroup;
			children = (
				3372912F25D65DC30060F6CD /* postModel.swift */,
			);
			path = models;
			sourceTree = "<group>";
		};
		33E49D2F25D06D0F000B39D2 = {
			isa = PBXGroup;
			children = (
				33E49D3A25D06D0F000B39D2 /* app */,
				33E49D4C25D06D14000B39D2 /* appTests */,
				33E49D5725D06D14000B39D2 /* appUITests */,
				33E49D3925D06D0F000B39D2 /* Products */,
			);
			sourceTree = "<group>";
		};
		33E49D3925D06D0F000B39D2 /* Products */ = {
			isa = PBXGroup;
			children = (
				33E49D3825D06D0F000B39D2 /* app.app */,
				33E49D4925D06D14000B39D2 /* appTests.xctest */,
				33E49D5425D06D14000B39D2 /* appUITests.xctest */,
			);
			name = Products;
			sourceTree = "<group>";
		};
		33E49D3A25D06D0F000B39D2 /* app */ = {
			isa = PBXGroup;
			children = (
				3372912E25D65D9E0060F6CD /* models */,
				3353121125D16E3B007196AB /* components */,
				3353120825D16D82007196AB /* services */,
				3353120225D16D39007196AB /* repositories */,
				335311F925D16D08007196AB /* usecases */,
				335311F025D16CE1007196AB /* userSettings */,
				335311DD25D16BFF007196AB /* constants */,
				335311CF25D16B66007196AB /* views */,
				33E49D3B25D06D0F000B39D2 /* appApp.swift */,
				33E49D3F25D06D13000B39D2 /* Assets.xcassets */,
				33E49D4425D06D13000B39D2 /* Info.plist */,
				33E49D4125D06D13000B39D2 /* Preview Content */,
			);
			path = app;
			sourceTree = "<group>";
		};
		33E49D4125D06D13000B39D2 /* Preview Content */ = {
			isa = PBXGroup;
			children = (
				33E49D4225D06D13000B39D2 /* Preview Assets.xcassets */,
			);
			path = "Preview Content";
			sourceTree = "<group>";
		};
		33E49D4C25D06D14000B39D2 /* appTests */ = {
			isa = PBXGroup;
			children = (
				33E49D4D25D06D14000B39D2 /* appTests.swift */,
				33E49D4F25D06D14000B39D2 /* Info.plist */,
			);
			path = appTests;
			sourceTree = "<group>";
		};
		33E49D5725D06D14000B39D2 /* appUITests */ = {
			isa = PBXGroup;
			children = (
				33E49D5825D06D14000B39D2 /* appUITests.swift */,
				33E49D5A25D06D14000B39D2 /* Info.plist */,
			);
			path = appUITests;
			sourceTree = "<group>";
		};
/* End PBXGroup section */

/* Begin PBXNativeTarget section */
		33E49D3725D06D0F000B39D2 /* app */ = {
			isa = PBXNativeTarget;
			buildConfigurationList = 33E49D5D25D06D14000B39D2 /* Build configuration list for PBXNativeTarget "app" */;
			buildPhases = (
				33E49D3425D06D0F000B39D2 /* Sources */,
				33E49D3525D06D0F000B39D2 /* Frameworks */,
				33E49D3625D06D0F000B39D2 /* Resources */,
			);
			buildRules = (
			);
			dependencies = (
			);
			name = app;
			productName = app;
			productReference = 33E49D3825D06D0F000B39D2 /* app.app */;
			productType = "com.apple.product-type.application";
		};
		33E49D4825D06D14000B39D2 /* appTests */ = {
			isa = PBXNativeTarget;
			buildConfigurationList = 33E49D6025D06D14000B39D2 /* Build configuration list for PBXNativeTarget "appTests" */;
			buildPhases = (
				33E49D4525D06D14000B39D2 /* Sources */,
				33E49D4625D06D14000B39D2 /* Frameworks */,
				33E49D4725D06D14000B39D2 /* Resources */,
			);
			buildRules = (
			);
			dependencies = (
				33E49D4B25D06D14000B39D2 /* PBXTargetDependency */,
			);
			name = appTests;
			productName = appTests;
			productReference = 33E49D4925D06D14000B39D2 /* appTests.xctest */;
			productType = "com.apple.product-type.bundle.unit-test";
		};
		33E49D5325D06D14000B39D2 /* appUITests */ = {
			isa = PBXNativeTarget;
			buildConfigurationList = 33E49D6325D06D14000B39D2 /* Build configuration list for PBXNativeTarget "appUITests" */;
			buildPhases = (
				33E49D5025D06D14000B39D2 /* Sources */,
				33E49D5125D06D14000B39D2 /* Frameworks */,
				33E49D5225D06D14000B39D2 /* Resources */,
			);
			buildRules = (
			);
			dependencies = (
				33E49D5625D06D14000B39D2 /* PBXTargetDependency */,
			);
			name = appUITests;
			productName = appUITests;
			productReference = 33E49D5425D06D14000B39D2 /* appUITests.xctest */;
			productType = "com.apple.product-type.bundle.ui-testing";
		};
/* End PBXNativeTarget section */

/* Begin PBXProject section */
		33E49D3025D06D0F000B39D2 /* Project object */ = {
			isa = PBXProject;
			attributes = {
				LastSwiftUpdateCheck = 1230;
				LastUpgradeCheck = 1230;
				TargetAttributes = {
					33E49D3725D06D0F000B39D2 = {
						CreatedOnToolsVersion = 12.3;
					};
					33E49D4825D06D14000B39D2 = {
						CreatedOnToolsVersion = 12.3;
						TestTargetID = 33E49D3725D06D0F000B39D2;
					};
					33E49D5325D06D14000B39D2 = {
						CreatedOnToolsVersion = 12.3;
						TestTargetID = 33E49D3725D06D0F000B39D2;
					};
				};
			};
			buildConfigurationList = 33E49D3325D06D0F000B39D2 /* Build configuration list for PBXProject "app" */;
			compatibilityVersion = "Xcode 9.3";
			developmentRegion = en;
			hasScannedForEncodings = 0;
			knownRegions = (
				en,
				Base,
			);
			mainGroup = 33E49D2F25D06D0F000B39D2;
			productRefGroup = 33E49D3925D06D0F000B39D2 /* Products */;
			projectDirPath = "";
			projectRoot = "";
			targets = (
				33E49D3725D06D0F000B39D2 /* app */,
				33E49D4825D06D14000B39D2 /* appTests */,
				33E49D5325D06D14000B39D2 /* appUITests */,
			);
		};
/* End PBXProject section */

/* Begin PBXResourcesBuildPhase section */
		33E49D3625D06D0F000B39D2 /* Resources */ = {
			isa = PBXResourcesBuildPhase;
			buildActionMask = 2147483647;
			files = (
				33E49D4325D06D13000B39D2 /* Preview Assets.xcassets in Resources */,
				33E49D4025D06D13000B39D2 /* Assets.xcassets in Resources */,
			);
			runOnlyForDeploymentPostprocessing = 0;
		};
		33E49D4725D06D14000B39D2 /* Resources */ = {
			isa = PBXResourcesBuildPhase;
			buildActionMask = 2147483647;
			files = (
			);
			runOnlyForDeploymentPostprocessing = 0;
		};
		33E49D5225D06D14000B39D2 /* Resources */ = {
			isa = PBXResourcesBuildPhase;
			buildActionMask = 2147483647;
			files = (
			);
			runOnlyForDeploymentPostprocessing = 0;
		};
/* End PBXResourcesBuildPhase section */

/* Begin PBXSourcesBuildPhase section */
		33E49D3425D06D0F000B39D2 /* Sources */ = {
			isa = PBXSourcesBuildPhase;
			buildActionMask = 2147483647;
			files = (
				335311D425D16B8D007196AB /* LoginView.swift in Sources */,
				33E49D3E25D06D0F000B39D2 /* ContentView.swift in Sources */,
				3353121325D16E50007196AB /* loader.swift in Sources */,
				335311FB25D16D1A007196AB /* userUsecases.swift in Sources */,
				3372913025D65DC30060F6CD /* postModel.swift in Sources */,
				33E49D3C25D06D0F000B39D2 /* appApp.swift in Sources */,
				335311EC25D16CA5007196AB /* AppView.swift in Sources */,
				335311E225D16C17007196AB /* sizings.swift in Sources */,
				335311F225D16CF0007196AB /* userSettings.swift in Sources */,
				335311E725D16C84007196AB /* ProfileView.swift in Sources */,
				3372913D25D65EEA0060F6CD /* postUsecases.swift in Sources */,
				3353120425D16D58007196AB /* userRepository.swift in Sources */,
				3372913825D65E510060F6CD /* postRepository.swift in Sources */,
				3353120A25D16D96007196AB /* api.swift in Sources */,
				335311D925D16BE4007196AB /* colors.swift in Sources */,
			);
			runOnlyForDeploymentPostprocessing = 0;
		};
		33E49D4525D06D14000B39D2 /* Sources */ = {
			isa = PBXSourcesBuildPhase;
			buildActionMask = 2147483647;
			files = (
				33E49D4E25D06D14000B39D2 /* appTests.swift in Sources */,
			);
			runOnlyForDeploymentPostprocessing = 0;
		};
		33E49D5025D06D14000B39D2 /* Sources */ = {
			isa = PBXSourcesBuildPhase;
			buildActionMask = 2147483647;
			files = (
				33E49D5925D06D14000B39D2 /* appUITests.swift in Sources */,
			);
			runOnlyForDeploymentPostprocessing = 0;
		};
/* End PBXSourcesBuildPhase section */

/* Begin PBXTargetDependency section */
		33E49D4B25D06D14000B39D2 /* PBXTargetDependency */ = {
			isa = PBXTargetDependency;
			target = 33E49D3725D06D0F000B39D2 /* app */;
			targetProxy = 33E49D4A25D06D14000B39D2 /* PBXContainerItemProxy */;
		};
		33E49D5625D06D14000B39D2 /* PBXTargetDependency */ = {
			isa = PBXTargetDependency;
			target = 33E49D3725D06D0F000B39D2 /* app */;
			targetProxy = 33E49D5525D06D14000B39D2 /* PBXContainerItemProxy */;
		};
/* End PBXTargetDependency section */

/* Begin XCBuildConfiguration section */
		33E49D5B25D06D14000B39D2 /* Debug */ = {
			isa = XCBuildConfiguration;
			buildSettings = {
				ALWAYS_SEARCH_USER_PATHS = NO;
				CLANG_ANALYZER_NONNULL = YES;
				CLANG_ANALYZER_NUMBER_OBJECT_CONVERSION = YES_AGGRESSIVE;
				CLANG_CXX_LANGUAGE_STANDARD = "gnu++14";
				CLANG_CXX_LIBRARY = "libc++";
				CLANG_ENABLE_MODULES = YES;
				CLANG_ENABLE_OBJC_ARC = YES;
				CLANG_ENABLE_OBJC_WEAK = YES;
				CLANG_WARN_BLOCK_CAPTURE_AUTORELEASING = YES;
				CLANG_WARN_BOOL_CONVERSION = YES;
				CLANG_WARN_COMMA = YES;
				CLANG_WARN_CONSTANT_CONVERSION = YES;
				CLANG_WARN_DEPRECATED_OBJC_IMPLEMENTATIONS = YES;
				CLANG_WARN_DIRECT_OBJC_ISA_USAGE = YES_ERROR;
				CLANG_WARN_DOCUMENTATION_COMMENTS = YES;
				CLANG_WARN_EMPTY_BODY = YES;
				CLANG_WARN_ENUM_CONVERSION = YES;
				CLANG_WARN_INFINITE_RECURSION = YES;
				CLANG_WARN_INT_CONVERSION = YES;
				CLANG_WARN_NON_LITERAL_NULL_CONVERSION = YES;
				CLANG_WARN_OBJC_IMPLICIT_RETAIN_SELF = YES;
				CLANG_WARN_OBJC_LITERAL_CONVERSION = YES;
				CLANG_WARN_OBJC_ROOT_CLASS = YES_ERROR;
				CLANG_WARN_QUOTED_INCLUDE_IN_FRAMEWORK_HEADER = YES;
				CLANG_WARN_RANGE_LOOP_ANALYSIS = YES;
				CLANG_WARN_STRICT_PROTOTYPES = YES;
				CLANG_WARN_SUSPICIOUS_MOVE = YES;
				CLANG_WARN_UNGUARDED_AVAILABILITY = YES_AGGRESSIVE;
				CLANG_WARN_UNREACHABLE_CODE = YES;
				CLANG_WARN__DUPLICATE_METHOD_MATCH = YES;
				COPY_PHASE_STRIP = NO;
				DEBUG_INFORMATION_FORMAT = dwarf;
				ENABLE_STRICT_OBJC_MSGSEND = YES;
				ENABLE_TESTABILITY = YES;
				GCC_C_LANGUAGE_STANDARD = gnu11;
				GCC_DYNAMIC_NO_PIC = NO;
				GCC_NO_COMMON_BLOCKS = YES;
				GCC_OPTIMIZATION_LEVEL = 0;
				GCC_PREPROCESSOR_DEFINITIONS = (
					"DEBUG=1",
					"$(inherited)",
				);
				GCC_WARN_64_TO_32_BIT_CONVERSION = YES;
				GCC_WARN_ABOUT_RETURN_TYPE = YES_ERROR;
				GCC_WARN_UNDECLARED_SELECTOR = YES;
				GCC_WARN_UNINITIALIZED_AUTOS = YES_AGGRESSIVE;
				GCC_WARN_UNUSED_FUNCTION = YES;
				GCC_WARN_UNUSED_VARIABLE = YES;
				IPHONEOS_DEPLOYMENT_TARGET = 14.3;
				MTL_ENABLE_DEBUG_INFO = INCLUDE_SOURCE;
				MTL_FAST_MATH = YES;
				ONLY_ACTIVE_ARCH = YES;
				SDKROOT = iphoneos;
				SWIFT_ACTIVE_COMPILATION_CONDITIONS = DEBUG;
				SWIFT_OPTIMIZATION_LEVEL = "-Onone";
			};
			name = Debug;
		};
		33E49D5C25D06D14000B39D2 /* Release */ = {
			isa = XCBuildConfiguration;
			buildSettings = {
				ALWAYS_SEARCH_USER_PATHS = NO;
				CLANG_ANALYZER_NONNULL = YES;
				CLANG_ANALYZER_NUMBER_OBJECT_CONVERSION = YES_AGGRESSIVE;
				CLANG_CXX_LANGUAGE_STANDARD = "gnu++14";
				CLANG_CXX_LIBRARY = "libc++";
				CLANG_ENABLE_MODULES = YES;
				CLANG_ENABLE_OBJC_ARC = YES;
				CLANG_ENABLE_OBJC_WEAK = YES;
				CLANG_WARN_BLOCK_CAPTURE_AUTORELEASING = YES;
				CLANG_WARN_BOOL_CONVERSION = YES;
				CLANG_WARN_COMMA = YES;
				CLANG_WARN_CONSTANT_CONVERSION = YES;
				CLANG_WARN_DEPRECATED_OBJC_IMPLEMENTATIONS = YES;
				CLANG_WARN_DIRECT_OBJC_ISA_USAGE = YES_ERROR;
				CLANG_WARN_DOCUMENTATION_COMMENTS = YES;
				CLANG_WARN_EMPTY_BODY = YES;
				CLANG_WARN_ENUM_CONVERSION = YES;
				CLANG_WARN_INFINITE_RECURSION = YES;
				CLANG_WARN_INT_CONVERSION = YES;
				CLANG_WARN_NON_LITERAL_NULL_CONVERSION = YES;
				CLANG_WARN_OBJC_IMPLICIT_RETAIN_SELF = YES;
				CLANG_WARN_OBJC_LITERAL_CONVERSION = YES;
				CLANG_WARN_OBJC_ROOT_CLASS = YES_ERROR;
				CLANG_WARN_QUOTED_INCLUDE_IN_FRAMEWORK_HEADER = YES;
				CLANG_WARN_RANGE_LOOP_ANALYSIS = YES;
				CLANG_WARN_STRICT_PROTOTYPES = YES;
				CLANG_WARN_SUSPICIOUS_MOVE = YES;
				CLANG_WARN_UNGUARDED_AVAILABILITY = YES_AGGRESSIVE;
				CLANG_WARN_UNREACHABLE_CODE = YES;
				CLANG_WARN__DUPLICATE_METHOD_MATCH = YES;
				COPY_PHASE_STRIP = NO;
				DEBUG_INFORMATION_FORMAT = "dwarf-with-dsym";
				ENABLE_NS_ASSERTIONS = NO;
				ENABLE_STRICT_OBJC_MSGSEND = YES;
				GCC_C_LANGUAGE_STANDARD = gnu11;
				GCC_NO_COMMON_BLOCKS = YES;
				GCC_WARN_64_TO_32_BIT_CONVERSION = YES;
				GCC_WARN_ABOUT_RETURN_TYPE = YES_ERROR;
				GCC_WARN_UNDECLARED_SELECTOR = YES;
				GCC_WARN_UNINITIALIZED_AUTOS = YES_AGGRESSIVE;
				GCC_WARN_UNUSED_FUNCTION = YES;
				GCC_WARN_UNUSED_VARIABLE = YES;
				IPHONEOS_DEPLOYMENT_TARGET = 14.3;
				MTL_ENABLE_DEBUG_INFO = NO;
				MTL_FAST_MATH = YES;
				SDKROOT = iphoneos;
				SWIFT_COMPILATION_MODE = wholemodule;
				SWIFT_OPTIMIZATION_LEVEL = "-O";
				VALIDATE_PRODUCT = YES;
			};
			name = Release;
		};
		33E49D5E25D06D14000B39D2 /* Debug */ = {
			isa = XCBuildConfiguration;
			buildSettings = {
				ASSETCATALOG_COMPILER_APPICON_NAME = AppIcon;
				ASSETCATALOG_COMPILER_GLOBAL_ACCENT_COLOR_NAME = AccentColor;
				CODE_SIGN_STYLE = Automatic;
				DEVELOPMENT_ASSET_PATHS = "\"app/Preview Content\"";
				DEVELOPMENT_TEAM = PJ363ZDX5C;
				ENABLE_PREVIEWS = YES;
				INFOPLIST_FILE = app/Info.plist;
				IPHONEOS_DEPLOYMENT_TARGET = 14.0;
				LD_RUNPATH_SEARCH_PATHS = (
					"$(inherited)",
					"@executable_path/Frameworks",
				);
				PRODUCT_BUNDLE_IDENTIFIER = com.test.app;
				PRODUCT_NAME = "$(TARGET_NAME)";
				SWIFT_VERSION = 5.0;
				TARGETED_DEVICE_FAMILY = "1,2";
			};
			name = Debug;
		};
		33E49D5F25D06D14000B39D2 /* Release */ = {
			isa = XCBuildConfiguration;
			buildSettings = {
				ASSETCATALOG_COMPILER_APPICON_NAME = AppIcon;
				ASSETCATALOG_COMPILER_GLOBAL_ACCENT_COLOR_NAME = AccentColor;
				CODE_SIGN_STYLE = Automatic;
				DEVELOPMENT_ASSET_PATHS = "\"app/Preview Content\"";
				DEVELOPMENT_TEAM = PJ363ZDX5C;
				ENABLE_PREVIEWS = YES;
				INFOPLIST_FILE = app/Info.plist;
				IPHONEOS_DEPLOYMENT_TARGET = 14.0;
				LD_RUNPATH_SEARCH_PATHS = (
					"$(inherited)",
					"@executable_path/Frameworks",
				);
				PRODUCT_BUNDLE_IDENTIFIER = com.test.app;
				PRODUCT_NAME = "$(TARGET_NAME)";
				SWIFT_VERSION = 5.0;
				TARGETED_DEVICE_FAMILY = "1,2";
			};
			name = Release;
		};
		33E49D6125D06D14000B39D2 /* Debug */ = {
			isa = XCBuildConfiguration;
			buildSettings = {
				ALWAYS_EMBED_SWIFT_STANDARD_LIBRARIES = YES;
				BUNDLE_LOADER = "$(TEST_HOST)";
				CODE_SIGN_STYLE = Automatic;
				DEVELOPMENT_TEAM = PJ363ZDX5C;
				INFOPLIST_FILE = appTests/Info.plist;
				IPHONEOS_DEPLOYMENT_TARGET = 14.0;
				LD_RUNPATH_SEARCH_PATHS = (
					"$(inherited)",
					"@executable_path/Frameworks",
					"@loader_path/Frameworks",
				);
				PRODUCT_BUNDLE_IDENTIFIER = com.test.appTests;
				PRODUCT_NAME = "$(TARGET_NAME)";
				SWIFT_VERSION = 5.0;
				TARGETED_DEVICE_FAMILY = "1,2";
				TEST_HOST = "$(BUILT_PRODUCTS_DIR)/app.app/app";
			};
			name = Debug;
		};
		33E49D6225D06D14000B39D2 /* Release */ = {
			isa = XCBuildConfiguration;
			buildSettings = {
				ALWAYS_EMBED_SWIFT_STANDARD_LIBRARIES = YES;
				BUNDLE_LOADER = "$(TEST_HOST)";
				CODE_SIGN_STYLE = Automatic;
				DEVELOPMENT_TEAM = PJ363ZDX5C;
				INFOPLIST_FILE = appTests/Info.plist;
				IPHONEOS_DEPLOYMENT_TARGET = 14.0;
				LD_RUNPATH_SEARCH_PATHS = (
					"$(inherited)",
					"@executable_path/Frameworks",
					"@loader_path/Frameworks",
				);
				PRODUCT_BUNDLE_IDENTIFIER = com.test.appTests;
				PRODUCT_NAME = "$(TARGET_NAME)";
				SWIFT_VERSION = 5.0;
				TARGETED_DEVICE_FAMILY = "1,2";
				TEST_HOST = "$(BUILT_PRODUCTS_DIR)/app.app/app";
			};
			name = Release;
		};
		33E49D6425D06D14000B39D2 /* Debug */ = {
			isa = XCBuildConfiguration;
			buildSettings = {
				ALWAYS_EMBED_SWIFT_STANDARD_LIBRARIES = YES;
				CODE_SIGN_STYLE = Automatic;
				DEVELOPMENT_TEAM = PJ363ZDX5C;
				INFOPLIST_FILE = appUITests/Info.plist;
				LD_RUNPATH_SEARCH_PATHS = (
					"$(inherited)",
					"@executable_path/Frameworks",
					"@loader_path/Frameworks",
				);
				PRODUCT_BUNDLE_IDENTIFIER = com.test.appUITests;
				PRODUCT_NAME = "$(TARGET_NAME)";
				SWIFT_VERSION = 5.0;
				TARGETED_DEVICE_FAMILY = "1,2";
				TEST_TARGET_NAME = app;
			};
			name = Debug;
		};
		33E49D6525D06D14000B39D2 /* Release */ = {
			isa = XCBuildConfiguration;
			buildSettings = {
				ALWAYS_EMBED_SWIFT_STANDARD_LIBRARIES = YES;
				CODE_SIGN_STYLE = Automatic;
				DEVELOPMENT_TEAM = PJ363ZDX5C;
				INFOPLIST_FILE = appUITests/Info.plist;
				LD_RUNPATH_SEARCH_PATHS = (
					"$(inherited)",
					"@executable_path/Frameworks",
					"@loader_path/Frameworks",
				);
				PRODUCT_BUNDLE_IDENTIFIER = com.test.appUITests;
				PRODUCT_NAME = "$(TARGET_NAME)";
				SWIFT_VERSION = 5.0;
				TARGETED_DEVICE_FAMILY = "1,2";
				TEST_TARGET_NAME = app;
			};
			name = Release;
		};
/* End XCBuildConfiguration section */

/* Begin XCConfigurationList section */
		33E49D3325D06D0F000B39D2 /* Build configuration list for PBXProject "app" */ = {
			isa = XCConfigurationList;
			buildConfigurations = (
				33E49D5B25D06D14000B39D2 /* Debug */,
				33E49D5C25D06D14000B39D2 /* Release */,
			);
			defaultConfigurationIsVisible = 0;
			defaultConfigurationName = Release;
		};
		33E49D5D25D06D14000B39D2 /* Build configuration list for PBXNativeTarget "app" */ = {
			isa = XCConfigurationList;
			buildConfigurations = (
				33E49D5E25D06D14000B39D2 /* Debug */,
				33E49D5F25D06D14000B39D2 /* Release */,
			);
			defaultConfigurationIsVisible = 0;
			defaultConfigurationName = Release;
		};
		33E49D6025D06D14000B39D2 /* Build configuration list for PBXNativeTarget "appTests" */ = {
			isa = XCConfigurationList;
			buildConfigurations = (
				33E49D6125D06D14000B39D2 /* Debug */,
				33E49D6225D06D14000B39D2 /* Release */,
			);
			defaultConfigurationIsVisible = 0;
			defaultConfigurationName = Release;
		};
		33E49D6325D06D14000B39D2 /* Build configuration list for PBXNativeTarget "appUITests" */ = {
			isa = XCConfigurationList;
			buildConfigurations = (
				33E49D6425D06D14000B39D2 /* Debug */,
				33E49D6525D06D14000B39D2 /* Release */,
			);
			defaultConfigurationIsVisible = 0;
			defaultConfigurationName = Release;
		};
/* End XCConfigurationList section */
	};
	rootObject = 33E49D3025D06D0F000B39D2 /* Project object */;
}
